// !$*UTF8*$!
{
	archiveVersion = 1;
	classes = {
	};
	objectVersion = 56;
	objects = {

/* Begin PBXBuildFile section */
		3CADAE562B10F70500D39C6A /* AppDelegate.swift in Sources */ = {isa = PBXBuildFile; fileRef = 3CADAE552B10F70500D39C6A /* AppDelegate.swift */; };
		3CADAE582B10F70500D39C6A /* SceneDelegate.swift in Sources */ = {isa = PBXBuildFile; fileRef = 3CADAE572B10F70500D39C6A /* SceneDelegate.swift */; };
		3CADAE5A2B10F70500D39C6A /* MainViewController.swift in Sources */ = {isa = PBXBuildFile; fileRef = 3CADAE592B10F70500D39C6A /* MainViewController.swift */; };
		3CADAE5F2B10F70600D39C6A /* Assets.xcassets in Resources */ = {isa = PBXBuildFile; fileRef = 3CADAE5E2B10F70600D39C6A /* Assets.xcassets */; };
		3CADAE622B10F70600D39C6A /* LaunchScreen.storyboard in Resources */ = {isa = PBXBuildFile; fileRef = 3CADAE602B10F70600D39C6A /* LaunchScreen.storyboard */; };
		3CADAE6E2B10F7B600D39C6A /* NetworkManager.swift in Sources */ = {isa = PBXBuildFile; fileRef = 3CADAE6D2B10F7B600D39C6A /* NetworkManager.swift */; };
		3CADAE712B10F82400D39C6A /* Mem.swift in Sources */ = {isa = PBXBuildFile; fileRef = 3CADAE702B10F82400D39C6A /* Mem.swift */; };
		3CADAE732B10FF0000D39C6A /* ListViewController.swift in Sources */ = {isa = PBXBuildFile; fileRef = 3CADAE722B10FF0000D39C6A /* ListViewController.swift */; };
		3CADAE752B1101A700D39C6A /* TabBarController.swift in Sources */ = {isa = PBXBuildFile; fileRef = 3CADAE742B1101A700D39C6A /* TabBarController.swift */; };
		3CADAE782B110DEE00D39C6A /* MainView.swift in Sources */ = {isa = PBXBuildFile; fileRef = 3CADAE772B110DEE00D39C6A /* MainView.swift */; };
		3CADAE7B2B110EF400D39C6A /* SnapKit in Frameworks */ = {isa = PBXBuildFile; productRef = 3CADAE7A2B110EF400D39C6A /* SnapKit */; };
/* End PBXBuildFile section */

/* Begin PBXFileReference section */
		3CADAE522B10F70500D39C6A /* MemOracle.app */ = {isa = PBXFileReference; explicitFileType = wrapper.application; includeInIndex = 0; path = MemOracle.app; sourceTree = BUILT_PRODUCTS_DIR; };
		3CADAE552B10F70500D39C6A /* AppDelegate.swift */ = {isa = PBXFileReference; lastKnownFileType = sourcecode.swift; path = AppDelegate.swift; sourceTree = "<group>"; };
		3CADAE572B10F70500D39C6A /* SceneDelegate.swift */ = {isa = PBXFileReference; lastKnownFileType = sourcecode.swift; path = SceneDelegate.swift; sourceTree = "<group>"; };
		3CADAE592B10F70500D39C6A /* MainViewController.swift */ = {isa = PBXFileReference; lastKnownFileType = sourcecode.swift; path = MainViewController.swift; sourceTree = "<group>"; };
		3CADAE5E2B10F70600D39C6A /* Assets.xcassets */ = {isa = PBXFileReference; lastKnownFileType = folder.assetcatalog; path = Assets.xcassets; sourceTree = "<group>"; };
		3CADAE612B10F70600D39C6A /* Base */ = {isa = PBXFileReference; lastKnownFileType = file.storyboard; name = Base; path = Base.lproj/LaunchScreen.storyboard; sourceTree = "<group>"; };
		3CADAE632B10F70600D39C6A /* Info.plist */ = {isa = PBXFileReference; lastKnownFileType = text.plist.xml; path = Info.plist; sourceTree = "<group>"; };
		3CADAE6D2B10F7B600D39C6A /* NetworkManager.swift */ = {isa = PBXFileReference; lastKnownFileType = sourcecode.swift; path = NetworkManager.swift; sourceTree = "<group>"; };
		3CADAE702B10F82400D39C6A /* Mem.swift */ = {isa = PBXFileReference; lastKnownFileType = sourcecode.swift; path = Mem.swift; sourceTree = "<group>"; };
		3CADAE722B10FF0000D39C6A /* ListViewController.swift */ = {isa = PBXFileReference; lastKnownFileType = sourcecode.swift; path = ListViewController.swift; sourceTree = "<group>"; };
		3CADAE742B1101A700D39C6A /* TabBarController.swift */ = {isa = PBXFileReference; lastKnownFileType = sourcecode.swift; path = TabBarController.swift; sourceTree = "<group>"; };
		3CADAE772B110DEE00D39C6A /* MainView.swift */ = {isa = PBXFileReference; lastKnownFileType = sourcecode.swift; path = MainView.swift; sourceTree = "<group>"; };
/* End PBXFileReference section */

/* Begin PBXFrameworksBuildPhase section */
		3CADAE4F2B10F70500D39C6A /* Frameworks */ = {
			isa = PBXFrameworksBuildPhase;
			buildActionMask = 2147483647;
			files = (
				3CADAE7B2B110EF400D39C6A /* SnapKit in Frameworks */,
			);
			runOnlyForDeploymentPostprocessing = 0;
		};
/* End PBXFrameworksBuildPhase section */

/* Begin PBXGroup section */
		3CADAE492B10F70500D39C6A = {
			isa = PBXGroup;
			children = (
				3CADAE542B10F70500D39C6A /* MemOracle */,
				3CADAE532B10F70500D39C6A /* Products */,
			);
			sourceTree = "<group>";
		};
		3CADAE532B10F70500D39C6A /* Products */ = {
			isa = PBXGroup;
			children = (
				3CADAE522B10F70500D39C6A /* MemOracle.app */,
			);
			name = Products;
			sourceTree = "<group>";
		};
		3CADAE542B10F70500D39C6A /* MemOracle */ = {
			isa = PBXGroup;
			children = (
				3CADAE762B1104E600D39C6A /* View */,
				3CADAE742B1101A700D39C6A /* TabBarController.swift */,
				3CADAE6F2B10F81A00D39C6A /* Model */,
				3CADAE6C2B10F7AC00D39C6A /* Services */,
				3CADAE6B2B10F77600D39C6A /* Controller */,
				3CADAE692B10F76A00D39C6A /* App */,
				3CADAE6A2B10F77000D39C6A /* Resources */,
				3CADAE632B10F70600D39C6A /* Info.plist */,
			);
			path = MemOracle;
			sourceTree = "<group>";
		};
		3CADAE692B10F76A00D39C6A /* App */ = {
			isa = PBXGroup;
			children = (
				3CADAE552B10F70500D39C6A /* AppDelegate.swift */,
				3CADAE572B10F70500D39C6A /* SceneDelegate.swift */,
			);
			path = App;
			sourceTree = "<group>";
		};
		3CADAE6A2B10F77000D39C6A /* Resources */ = {
			isa = PBXGroup;
			children = (
				3CADAE5E2B10F70600D39C6A /* Assets.xcassets */,
				3CADAE602B10F70600D39C6A /* LaunchScreen.storyboard */,
			);
			path = Resources;
			sourceTree = "<group>";
		};
		3CADAE6B2B10F77600D39C6A /* Controller */ = {
			isa = PBXGroup;
			children = (
				3CADAE592B10F70500D39C6A /* MainViewController.swift */,
				3CADAE722B10FF0000D39C6A /* ListViewController.swift */,
			);
			path = Controller;
			sourceTree = "<group>";
		};
		3CADAE6C2B10F7AC00D39C6A /* Services */ = {
			isa = PBXGroup;
			children = (
				3CADAE6D2B10F7B600D39C6A /* NetworkManager.swift */,
			);
			path = Services;
			sourceTree = "<group>";
		};
		3CADAE6F2B10F81A00D39C6A /* Model */ = {
			isa = PBXGroup;
			children = (
				3CADAE702B10F82400D39C6A /* Mem.swift */,
			);
			path = Model;
			sourceTree = "<group>";
		};
		3CADAE762B1104E600D39C6A /* View */ = {
			isa = PBXGroup;
			children = (
				3CADAE772B110DEE00D39C6A /* MainView.swift */,
			);
			path = View;
			sourceTree = "<group>";
		};
/* End PBXGroup section */

/* Begin PBXNativeTarget section */
		3CADAE512B10F70500D39C6A /* MemOracle */ = {
			isa = PBXNativeTarget;
			buildConfigurationList = 3CADAE662B10F70600D39C6A /* Build configuration list for PBXNativeTarget "MemOracle" */;
			buildPhases = (
				3CADAE4E2B10F70500D39C6A /* Sources */,
				3CADAE4F2B10F70500D39C6A /* Frameworks */,
				3CADAE502B10F70500D39C6A /* Resources */,
			);
			buildRules = (
			);
			dependencies = (
			);
			name = MemOracle;
			packageProductDependencies = (
				3CADAE7A2B110EF400D39C6A /* SnapKit */,
			);
			productName = MemOracle;
			productReference = 3CADAE522B10F70500D39C6A /* MemOracle.app */;
			productType = "com.apple.product-type.application";
		};
/* End PBXNativeTarget section */

/* Begin PBXProject section */
		3CADAE4A2B10F70500D39C6A /* Project object */ = {
			isa = PBXProject;
			attributes = {
				BuildIndependentTargetsInParallel = 1;
				LastSwiftUpdateCheck = 1430;
				LastUpgradeCheck = 1430;
				TargetAttributes = {
					3CADAE512B10F70500D39C6A = {
						CreatedOnToolsVersion = 14.3.1;
					};
				};
			};
			buildConfigurationList = 3CADAE4D2B10F70500D39C6A /* Build configuration list for PBXProject "MemOracle" */;
			compatibilityVersion = "Xcode 14.0";
			developmentRegion = en;
			hasScannedForEncodings = 0;
			knownRegions = (
				en,
				Base,
			);
			mainGroup = 3CADAE492B10F70500D39C6A;
			packageReferences = (
				3CADAE792B110EF400D39C6A /* XCRemoteSwiftPackageReference "SnapKit" */,
			);
			productRefGroup = 3CADAE532B10F70500D39C6A /* Products */;
			projectDirPath = "";
			projectRoot = "";
			targets = (
				3CADAE512B10F70500D39C6A /* MemOracle */,
			);
		};
/* End PBXProject section */

/* Begin PBXResourcesBuildPhase section */
		3CADAE502B10F70500D39C6A /* Resources */ = {
			isa = PBXResourcesBuildPhase;
			buildActionMask = 2147483647;
			files = (
				3CADAE622B10F70600D39C6A /* LaunchScreen.storyboard in Resources */,
				3CADAE5F2B10F70600D39C6A /* Assets.xcassets in Resources */,
			);
			runOnlyForDeploymentPostprocessing = 0;
		};
/* End PBXResourcesBuildPhase section */

/* Begin PBXSourcesBuildPhase section */
		3CADAE4E2B10F70500D39C6A /* Sources */ = {
			isa = PBXSourcesBuildPhase;
			buildActionMask = 2147483647;
			files = (
				3CADAE712B10F82400D39C6A /* Mem.swift in Sources */,
				3CADAE782B110DEE00D39C6A /* MainView.swift in Sources */,
				3CADAE6E2B10F7B600D39C6A /* NetworkManager.swift in Sources */,
				3CADAE732B10FF0000D39C6A /* ListViewController.swift in Sources */,
				3CADAE5A2B10F70500D39C6A /* MainViewController.swift in Sources */,
				3CADAE752B1101A700D39C6A /* TabBarController.swift in Sources */,
				3CADAE562B10F70500D39C6A /* AppDelegate.swift in Sources */,
				3CADAE582B10F70500D39C6A /* SceneDelegate.swift in Sources */,
			);
			runOnlyForDeploymentPostprocessing = 0;
		};
/* End PBXSourcesBuildPhase section */

/* Begin PBXVariantGroup section */
		3CADAE602B10F70600D39C6A /* LaunchScreen.storyboard */ = {
			isa = PBXVariantGroup;
			children = (
				3CADAE612B10F70600D39C6A /* Base */,
			);
			name = LaunchScreen.storyboard;
			sourceTree = "<group>";
		};
/* End PBXVariantGroup section */

/* Begin XCBuildConfiguration section */
		3CADAE642B10F70600D39C6A /* Debug */ = {
			isa = XCBuildConfiguration;
			buildSettings = {
				ALWAYS_SEARCH_USER_PATHS = NO;
				CLANG_ANALYZER_NONNULL = YES;
				CLANG_ANALYZER_NUMBER_OBJECT_CONVERSION = YES_AGGRESSIVE;
				CLANG_CXX_LANGUAGE_STANDARD = "gnu++20";
				CLANG_ENABLE_MODULES = YES;
				CLANG_ENABLE_OBJC_ARC = YES;
				CLANG_ENABLE_OBJC_WEAK = YES;
				CLANG_WARN_BLOCK_CAPTURE_AUTORELEASING = YES;
				CLANG_WARN_BOOL_CONVERSION = YES;
				CLANG_WARN_COMMA = YES;
				CLANG_WARN_CONSTANT_CONVERSION = YES;
				CLANG_WARN_DEPRECATED_OBJC_IMPLEMENTATIONS = YES;
				CLANG_WARN_DIRECT_OBJC_ISA_USAGE = YES_ERROR;
				CLANG_WARN_DOCUMENTATION_COMMENTS = YES;
				CLANG_WARN_EMPTY_BODY = YES;
				CLANG_WARN_ENUM_CONVERSION = YES;
				CLANG_WARN_INFINITE_RECURSION = YES;
				CLANG_WARN_INT_CONVERSION = YES;
				CLANG_WARN_NON_LITERAL_NULL_CONVERSION = YES;
				CLANG_WARN_OBJC_IMPLICIT_RETAIN_SELF = YES;
				CLANG_WARN_OBJC_LITERAL_CONVERSION = YES;
				CLANG_WARN_OBJC_ROOT_CLASS = YES_ERROR;
				CLANG_WARN_QUOTED_INCLUDE_IN_FRAMEWORK_HEADER = YES;
				CLANG_WARN_RANGE_LOOP_ANALYSIS = YES;
				CLANG_WARN_STRICT_PROTOTYPES = YES;
				CLANG_WARN_SUSPICIOUS_MOVE = YES;
				CLANG_WARN_UNGUARDED_AVAILABILITY = YES_AGGRESSIVE;
				CLANG_WARN_UNREACHABLE_CODE = YES;
				CLANG_WARN__DUPLICATE_METHOD_MATCH = YES;
				COPY_PHASE_STRIP = NO;
				DEBUG_INFORMATION_FORMAT = dwarf;
				ENABLE_STRICT_OBJC_MSGSEND = YES;
				ENABLE_TESTABILITY = YES;
				GCC_C_LANGUAGE_STANDARD = gnu11;
				GCC_DYNAMIC_NO_PIC = NO;
				GCC_NO_COMMON_BLOCKS = YES;
				GCC_OPTIMIZATION_LEVEL = 0;
				GCC_PREPROCESSOR_DEFINITIONS = (
					"DEBUG=1",
					"$(inherited)",
				);
				GCC_WARN_64_TO_32_BIT_CONVERSION = YES;
				GCC_WARN_ABOUT_RETURN_TYPE = YES_ERROR;
				GCC_WARN_UNDECLARED_SELECTOR = YES;
				GCC_WARN_UNINITIALIZED_AUTOS = YES_AGGRESSIVE;
				GCC_WARN_UNUSED_FUNCTION = YES;
				GCC_WARN_UNUSED_VARIABLE = YES;
				IPHONEOS_DEPLOYMENT_TARGET = 16.4;
				MTL_ENABLE_DEBUG_INFO = INCLUDE_SOURCE;
				MTL_FAST_MATH = YES;
				ONLY_ACTIVE_ARCH = YES;
				SDKROOT = iphoneos;
				SWIFT_ACTIVE_COMPILATION_CONDITIONS = DEBUG;
				SWIFT_OPTIMIZATION_LEVEL = "-Onone";
			};
			name = Debug;
		};
		3CADAE652B10F70600D39C6A /* Release */ = {
			isa = XCBuildConfiguration;
			buildSettings = {
				ALWAYS_SEARCH_USER_PATHS = NO;
				CLANG_ANALYZER_NONNULL = YES;
				CLANG_ANALYZER_NUMBER_OBJECT_CONVERSION = YES_AGGRESSIVE;
				CLANG_CXX_LANGUAGE_STANDARD = "gnu++20";
				CLANG_ENABLE_MODULES = YES;
				CLANG_ENABLE_OBJC_ARC = YES;
				CLANG_ENABLE_OBJC_WEAK = YES;
				CLANG_WARN_BLOCK_CAPTURE_AUTORELEASING = YES;
				CLANG_WARN_BOOL_CONVERSION = YES;
				CLANG_WARN_COMMA = YES;
				CLANG_WARN_CONSTANT_CONVERSION = YES;
				CLANG_WARN_DEPRECATED_OBJC_IMPLEMENTATIONS = YES;
				CLANG_WARN_DIRECT_OBJC_ISA_USAGE = YES_ERROR;
				CLANG_WARN_DOCUMENTATION_COMMENTS = YES;
				CLANG_WARN_EMPTY_BODY = YES;
				CLANG_WARN_ENUM_CONVERSION = YES;
				CLANG_WARN_INFINITE_RECURSION = YES;
				CLANG_WARN_INT_CONVERSION = YES;
				CLANG_WARN_NON_LITERAL_NULL_CONVERSION = YES;
				CLANG_WARN_OBJC_IMPLICIT_RETAIN_SELF = YES;
				CLANG_WARN_OBJC_LITERAL_CONVERSION = YES;
				CLANG_WARN_OBJC_ROOT_CLASS = YES_ERROR;
				CLANG_WARN_QUOTED_INCLUDE_IN_FRAMEWORK_HEADER = YES;
				CLANG_WARN_RANGE_LOOP_ANALYSIS = YES;
				CLANG_WARN_STRICT_PROTOTYPES = YES;
				CLANG_WARN_SUSPICIOUS_MOVE = YES;
				CLANG_WARN_UNGUARDED_AVAILABILITY = YES_AGGRESSIVE;
				CLANG_WARN_UNREACHABLE_CODE = YES;
				CLANG_WARN__DUPLICATE_METHOD_MATCH = YES;
				COPY_PHASE_STRIP = NO;
				DEBUG_INFORMATION_FORMAT = "dwarf-with-dsym";
				ENABLE_NS_ASSERTIONS = NO;
				ENABLE_STRICT_OBJC_MSGSEND = YES;
				GCC_C_LANGUAGE_STANDARD = gnu11;
				GCC_NO_COMMON_BLOCKS = YES;
				GCC_WARN_64_TO_32_BIT_CONVERSION = YES;
				GCC_WARN_ABOUT_RETURN_TYPE = YES_ERROR;
				GCC_WARN_UNDECLARED_SELECTOR = YES;
				GCC_WARN_UNINITIALIZED_AUTOS = YES_AGGRESSIVE;
				GCC_WARN_UNUSED_FUNCTION = YES;
				GCC_WARN_UNUSED_VARIABLE = YES;
				IPHONEOS_DEPLOYMENT_TARGET = 16.4;
				MTL_ENABLE_DEBUG_INFO = NO;
				MTL_FAST_MATH = YES;
				SDKROOT = iphoneos;
				SWIFT_COMPILATION_MODE = wholemodule;
				SWIFT_OPTIMIZATION_LEVEL = "-O";
				VALIDATE_PRODUCT = YES;
			};
			name = Release;
		};
		3CADAE672B10F70600D39C6A /* Debug */ = {
			isa = XCBuildConfiguration;
			buildSettings = {
				ASSETCATALOG_COMPILER_APPICON_NAME = AppIcon;
				ASSETCATALOG_COMPILER_GLOBAL_ACCENT_COLOR_NAME = AccentColor;
				CODE_SIGN_STYLE = Automatic;
				CURRENT_PROJECT_VERSION = 1;
				DEVELOPMENT_TEAM = T22G8674NU;
				GENERATE_INFOPLIST_FILE = YES;
				INFOPLIST_FILE = MemOracle/Info.plist;
				INFOPLIST_KEY_UIApplicationSupportsIndirectInputEvents = YES;
				INFOPLIST_KEY_UILaunchStoryboardName = LaunchScreen;
				INFOPLIST_KEY_UISupportedInterfaceOrientations_iPad = "UIInterfaceOrientationPortrait UIInterfaceOrientationPortraitUpsideDown UIInterfaceOrientationLandscapeLeft UIInterfaceOrientationLandscapeRight";
				INFOPLIST_KEY_UISupportedInterfaceOrientations_iPhone = "UIInterfaceOrientationPortrait UIInterfaceOrientationLandscapeLeft UIInterfaceOrientationLandscapeRight";
				LD_RUNPATH_SEARCH_PATHS = (
					"$(inherited)",
					"@executable_path/Frameworks",
				);
				MARKETING_VERSION = 1.0;
				PRODUCT_BUNDLE_IDENTIFIER = KirillTaraturin.MemOracle;
				PRODUCT_NAME = "$(TARGET_NAME)";
				SWIFT_EMIT_LOC_STRINGS = YES;
				SWIFT_VERSION = 5.0;
				TARGETED_DEVICE_FAMILY = "1,2";
			};
			name = Debug;
		};
		3CADAE682B10F70600D39C6A /* Release */ = {
			isa = XCBuildConfiguration;
			buildSettings = {
				ASSETCATALOG_COMPILER_APPICON_NAME = AppIcon;
				ASSETCATALOG_COMPILER_GLOBAL_ACCENT_COLOR_NAME = AccentColor;
				CODE_SIGN_STYLE = Automatic;
				CURRENT_PROJECT_VERSION = 1;
				DEVELOPMENT_TEAM = T22G8674NU;
				GENERATE_INFOPLIST_FILE = YES;
				INFOPLIST_FILE = MemOracle/Info.plist;
				INFOPLIST_KEY_UIApplicationSupportsIndirectInputEvents = YES;
				INFOPLIST_KEY_UILaunchStoryboardName = LaunchScreen;
				INFOPLIST_KEY_UISupportedInterfaceOrientations_iPad = "UIInterfaceOrientationPortrait UIInterfaceOrientationPortraitUpsideDown UIInterfaceOrientationLandscapeLeft UIInterfaceOrientationLandscapeRight";
				INFOPLIST_KEY_UISupportedInterfaceOrientations_iPhone = "UIInterfaceOrientationPortrait UIInterfaceOrientationLandscapeLeft UIInterfaceOrientationLandscapeRight";
				LD_RUNPATH_SEARCH_PATHS = (
					"$(inherited)",
					"@executable_path/Frameworks",
				);
				MARKETING_VERSION = 1.0;
				PRODUCT_BUNDLE_IDENTIFIER = KirillTaraturin.MemOracle;
				PRODUCT_NAME = "$(TARGET_NAME)";
				SWIFT_EMIT_LOC_STRINGS = YES;
				SWIFT_VERSION = 5.0;
				TARGETED_DEVICE_FAMILY = "1,2";
			};
			name = Release;
		};
/* End XCBuildConfiguration section */

/* Begin XCConfigurationList section */
		3CADAE4D2B10F70500D39C6A /* Build configuration list for PBXProject "MemOracle" */ = {
			isa = XCConfigurationList;
			buildConfigurations = (
				3CADAE642B10F70600D39C6A /* Debug */,
				3CADAE652B10F70600D39C6A /* Release */,
			);
			defaultConfigurationIsVisible = 0;
			defaultConfigurationName = Release;
		};
		3CADAE662B10F70600D39C6A /* Build configuration list for PBXNativeTarget "MemOracle" */ = {
			isa = XCConfigurationList;
			buildConfigurations = (
				3CADAE672B10F70600D39C6A /* Debug */,
				3CADAE682B10F70600D39C6A /* Release */,
			);
			defaultConfigurationIsVisible = 0;
			defaultConfigurationName = Release;
		};
/* End XCConfigurationList section */

/* Begin XCRemoteSwiftPackageReference section */
		3CADAE792B110EF400D39C6A /* XCRemoteSwiftPackageReference "SnapKit" */ = {
			isa = XCRemoteSwiftPackageReference;
			repositoryURL = "https://github.com/SnapKit/SnapKit.git";
			requirement = {
				kind = upToNextMajorVersion;
				minimumVersion = 5.0.0;
			};
		};
/* End XCRemoteSwiftPackageReference section */

/* Begin XCSwiftPackageProductDependency section */
		3CADAE7A2B110EF400D39C6A /* SnapKit */ = {
			isa = XCSwiftPackageProductDependency;
			package = 3CADAE792B110EF400D39C6A /* XCRemoteSwiftPackageReference "SnapKit" */;
			productName = SnapKit;
		};
/* End XCSwiftPackageProductDependency section */
	};
	rootObject = 3CADAE4A2B10F70500D39C6A /* Project object */;
}
